
Microsoft Visual Studio Solution File, Format Version 12.00
# Visual Studio Version 16
VisualStudioVersion = 16.0.31205.134
MinimumVisualStudioVersion = 10.0.40219.1
Project("{9A19103F-16F7-4668-BE54-9A1E7A4F7556}") = "P", "P.csproj", "{2C1EF3C2-A408-4575-B848-163599D44849}"
EndProject
Global
	GlobalSection(SolutionConfigurationPlatforms) = preSolution
		Debug|Any CPU = Debug|Any CPU
		Release|Any CPU = Release|Any CPU
	EndGlobalSection
	GlobalSection(ProjectConfigurationPlatforms) = postSolution
		{2C1EF3C2-A408-4575-B848-163599D44849}.Debug|Any CPU.ActiveCfg = Debug|Any CPU
		{2C1EF3C2-A408-4575-B848-163599D44849}.Debug|Any CPU.Build.0 = Debug|Any CPU
		{2C1EF3C2-A408-4575-B848-163599D44849}.Release|Any CPU.ActiveCfg = Release|Any CPU
		{2C1EF3C2-A408-4575-B848-163599D44849}.Release|Any CPU.Build.0 = Release|Any CPU
	EndGlobalSection
	GlobalSection(SolutionProperties) = preSolution
		HideSolutionNode = FALSE
	EndGlobalSection
	GlobalSection(ExtensibilityGlobals) = postSolution
		SolutionGuid = {893F6A77-1C12-474C-9170-A04216777FC4}
	EndGlobalSection
EndGlobal
